
Microsoft Visual Studio Solution File, Format Version 12.00
# Visual Studio Version 16
VisualStudioVersion = 16.0.30804.86
MinimumVisualStudioVersion = 10.0.40219.1
Project("{FAE04EC0-301F-11D3-BF4B-00C04F79EFBC}") = "MethodClassDemo", "MethodClassDemo\MethodClassDemo.csproj", "{13BA50EF-B001-4FC3-B928-BA334C88CDE3}"
EndProject
Global
	GlobalSection(SolutionConfigurationPlatforms) = preSolution
		Debug|Any CPU = Debug|Any CPU
		Release|Any CPU = Release|Any CPU
	EndGlobalSection
	GlobalSection(ProjectConfigurationPlatforms) = postSolution
		{13BA50EF-B001-4FC3-B928-BA334C88CDE3}.Debug|Any CPU.ActiveCfg = Debug|Any CPU
		{13BA50EF-B001-4FC3-B928-BA334C88CDE3}.Debug|Any CPU.Build.0 = Debug|Any CPU
		{13BA50EF-B001-4FC3-B928-BA334C88CDE3}.Release|Any CPU.ActiveCfg = Release|Any CPU
		{13BA50EF-B001-4FC3-B928-BA334C88CDE3}.Release|Any CPU.Build.0 = Release|Any CPU
	EndGlobalSection
	GlobalSection(SolutionProperties) = preSolution
		HideSolutionNode = FALSE
	EndGlobalSection
	GlobalSection(ExtensibilityGlobals) = postSolution
		SolutionGuid = {C4425F0B-CDDE-4347-9F2A-61D9576EDFD7}
	EndGlobalSection
EndGlobal
